# This file is autogenerated, do not edit; changes may be undone by the next 'dep ensure'.


[[projects]]
  branch = "master"
  digest = "1:9e7c5138114ff9c51a60731b3a425c319305013c6ea8b3f60fd2435baba1a0db"
  name = "github.com/btcsuite/btcd"
  packages = ["btcec"]
  pruneopts = "UT"
  revision = "c26ffa870fd817666a857af1bf6498fabba1ffe3"

[[projects]]
  branch = "master"
  digest = "1:95f4fdfbc8d7723bd21e467aabe98d86f06d3e2557b1ba92bf9df8aea6706784"
  name = "github.com/btcsuite/btcutil"
  packages = ["base58"]
  pruneopts = "UT"
  revision = "9e5f4b9a998d263e3ce9c56664a7816001ac8000"

[[projects]]
  digest = "1:d38d20ba0407c4bd4545945d49ae032c41819928a5acd558a707d683b2c6ae55"
  name = "github.com/ethereum/go-ethereum"
  packages = [
    "common",
    "common/hexutil",
    "common/math",
    "crypto",
    "crypto/secp256k1",
    "rlp",
  ]
  pruneopts = "UT"
  revision = "52f2461774bcb8cdd310f86b4bc501df5b783852"
  version = "v1.9.0"

[[projects]]
  branch = "master"
  digest = "1:9c4fed825c10231651e81bf0ab2c12e3a6cc349dcc62a78f8d3a9dfb6744855e"
  name = "golang.org/x/crypto"
  packages = ["sha3"]
  pruneopts = "UT"
  revision = "4def268fd1a49955bfb3dda92fe3db4f924f2285"

[[projects]]
  branch = "master"
  digest = "1:9289797869517c73400e7b5a93beefbfc86e06f56e3ab03f38fb0d575e685277"
  name = "golang.org/x/sys"
  packages = ["cpu"]
  pruneopts = "UT"
  revision = "fae7ac547cb717d141c433a2a173315e216b64c4"

[solve-meta]
  analyzer-name = "dep"
  analyzer-version = 1
  input-imports = [
    "github.com/btcsuite/btcutil/base58",
    "github.com/ethereum/go-ethereum/crypto",
    "golang.org/x/crypto/sha3",
  ]
  solver-name = "gps-cdcl"
  solver-version = 1
